# THIS IS AN AUTOGENERATED FILE. DO NOT EDIT THIS FILE DIRECTLY.
# yarn lockfile v1


"@rails/actioncable@^6.0.3-1":
  version "6.0.3-2"
  resolved "https://registry.yarnpkg.com/@rails/actioncable/-/actioncable-6.0.3-2.tgz#18933d870649e356f3c47a134af9430f17ce51ca"
  integrity sha512-zgMwnvn0zmJuy1N7IgZpd4X1ERWBL/bd9ZrqaSKtWay7F4ZB+Q6F5dc1D2I3IyUYYQU5dssQb5VaygvMLc7+GA==
