# THIS IS AN AUTOGENERATED FILE. DO NOT EDIT THIS FILE DIRECTLY.
# yarn lockfile v1


"@rails/actioncable@^6.0.3-1":
  version "6.0.3-3"
  resolved "https://registry.yarnpkg.com/@rails/actioncable/-/actioncable-6.0.3-3.tgz#fb1a46d3d353512764d5fa3cea2f492391601b7a"
  integrity sha512-+DEbtzvD2ITPKOGBAV0lLdUvImCsHtUYfxwW7TDKOrGNEFqgbVJij7aO6ZE8a3aDPQ7NnO/MlyrPwLVeiIZRSw==
