# THIS IS AN AUTOGENERATED FILE. DO NOT EDIT THIS FILE DIRECTLY.
# yarn lockfile v1


"@rails/actioncable@^6.0.3-1":
  version "6.0.3-1"
  resolved "https://registry.yarnpkg.com/@rails/actioncable/-/actioncable-6.0.3-1.tgz#9b9eb8858a6507162911007d355d9a206e1c5caa"
  integrity sha512-szFhWD+V5TAxVNVIG16klgq+ypqA5k5AecLarTTrXgOG8cawVbQdOAwLbCmzkwiQ60rGSxAFoC1u2LrzxSK2Aw==
